
Microsoft Visual Studio Solution File, Format Version 12.00
# Visual Studio 15
VisualStudioVersion = 15.0.26124.0
MinimumVisualStudioVersion = 15.0.26124.0
Project("{FAE04EC0-301F-11D3-BF4B-00C04F79EFBC}") = "hello.netcore-22.aws", "src\hello.netcore-22.aws.csproj", "{A003CA52-3AF9-4AA0-A6DA-7B4B9C83E07A}"
EndProject
Project("{2150E333-8FDC-42A3-9474-1A3956D46DE8}") = "test", "test", "{F5CE5712-8FD6-414B-AF02-E2227DB0124F}"
EndProject
Project("{FAE04EC0-301F-11D3-BF4B-00C04F79EFBC}") = "hello.netcore-22.aws.test", "test\hello.netcore-22.aws.test.csproj", "{34121A08-7C3C-47A4-8678-9388A5BC01EE}"
EndProject
Global
	GlobalSection(SolutionConfigurationPlatforms) = preSolution
		Debug|Any CPU = Debug|Any CPU
		Debug|x64 = Debug|x64
		Debug|x86 = Debug|x86
		Release|Any CPU = Release|Any CPU
		Release|x64 = Release|x64
		Release|x86 = Release|x86
	EndGlobalSection
	GlobalSection(SolutionProperties) = preSolution
		HideSolutionNode = FALSE
	EndGlobalSection
	GlobalSection(ProjectConfigurationPlatforms) = postSolution
		{A003CA52-3AF9-4AA0-A6DA-7B4B9C83E07A}.Debug|Any CPU.ActiveCfg = Debug|Any CPU
		{A003CA52-3AF9-4AA0-A6DA-7B4B9C83E07A}.Debug|Any CPU.Build.0 = Debug|Any CPU
		{A003CA52-3AF9-4AA0-A6DA-7B4B9C83E07A}.Debug|x64.ActiveCfg = Debug|Any CPU
		{A003CA52-3AF9-4AA0-A6DA-7B4B9C83E07A}.Debug|x64.Build.0 = Debug|Any CPU
		{A003CA52-3AF9-4AA0-A6DA-7B4B9C83E07A}.Debug|x86.ActiveCfg = Debug|Any CPU
		{A003CA52-3AF9-4AA0-A6DA-7B4B9C83E07A}.Debug|x86.Build.0 = Debug|Any CPU
		{A003CA52-3AF9-4AA0-A6DA-7B4B9C83E07A}.Release|Any CPU.ActiveCfg = Release|Any CPU
		{A003CA52-3AF9-4AA0-A6DA-7B4B9C83E07A}.Release|Any CPU.Build.0 = Release|Any CPU
		{A003CA52-3AF9-4AA0-A6DA-7B4B9C83E07A}.Release|x64.ActiveCfg = Release|Any CPU
		{A003CA52-3AF9-4AA0-A6DA-7B4B9C83E07A}.Release|x64.Build.0 = Release|Any CPU
		{A003CA52-3AF9-4AA0-A6DA-7B4B9C83E07A}.Release|x86.ActiveCfg = Release|Any CPU
		{A003CA52-3AF9-4AA0-A6DA-7B4B9C83E07A}.Release|x86.Build.0 = Release|Any CPU
		{34121A08-7C3C-47A4-8678-9388A5BC01EE}.Debug|Any CPU.ActiveCfg = Debug|Any CPU
		{34121A08-7C3C-47A4-8678-9388A5BC01EE}.Debug|Any CPU.Build.0 = Debug|Any CPU
		{34121A08-7C3C-47A4-8678-9388A5BC01EE}.Debug|x64.ActiveCfg = Debug|Any CPU
		{34121A08-7C3C-47A4-8678-9388A5BC01EE}.Debug|x64.Build.0 = Debug|Any CPU
		{34121A08-7C3C-47A4-8678-9388A5BC01EE}.Debug|x86.ActiveCfg = Debug|Any CPU
		{34121A08-7C3C-47A4-8678-9388A5BC01EE}.Debug|x86.Build.0 = Debug|Any CPU
		{34121A08-7C3C-47A4-8678-9388A5BC01EE}.Release|Any CPU.ActiveCfg = Release|Any CPU
		{34121A08-7C3C-47A4-8678-9388A5BC01EE}.Release|Any CPU.Build.0 = Release|Any CPU
		{34121A08-7C3C-47A4-8678-9388A5BC01EE}.Release|x64.ActiveCfg = Release|Any CPU
		{34121A08-7C3C-47A4-8678-9388A5BC01EE}.Release|x64.Build.0 = Release|Any CPU
		{34121A08-7C3C-47A4-8678-9388A5BC01EE}.Release|x86.ActiveCfg = Release|Any CPU
		{34121A08-7C3C-47A4-8678-9388A5BC01EE}.Release|x86.Build.0 = Release|Any CPU
	EndGlobalSection
	GlobalSection(NestedProjects) = preSolution
		{34121A08-7C3C-47A4-8678-9388A5BC01EE} = {F5CE5712-8FD6-414B-AF02-E2227DB0124F}
	EndGlobalSection
EndGlobal
